
Microsoft Visual Studio Solution File, Format Version 12.00
# Visual Studio Version 17
VisualStudioVersion = 17.3.32901.215
MinimumVisualStudioVersion = 10.0.40219.1
Project("{FAE04EC0-301F-11D3-BF4B-00C04F79EFBC}") = "Damerau–Levenshtein distance", "Damerau–Levenshtein distance.csproj", "{C9C3F7A1-5A66-44BE-9498-CD052A109F64}"
EndProject
Global
	GlobalSection(SolutionConfigurationPlatforms) = preSolution
		Debug|Any CPU = Debug|Any CPU
		Release|Any CPU = Release|Any CPU
	EndGlobalSection
	GlobalSection(ProjectConfigurationPlatforms) = postSolution
		{C9C3F7A1-5A66-44BE-9498-CD052A109F64}.Debug|Any CPU.ActiveCfg = Debug|Any CPU
		{C9C3F7A1-5A66-44BE-9498-CD052A109F64}.Debug|Any CPU.Build.0 = Debug|Any CPU
		{C9C3F7A1-5A66-44BE-9498-CD052A109F64}.Release|Any CPU.ActiveCfg = Release|Any CPU
		{C9C3F7A1-5A66-44BE-9498-CD052A109F64}.Release|Any CPU.Build.0 = Release|Any CPU
	EndGlobalSection
	GlobalSection(SolutionProperties) = preSolution
		HideSolutionNode = FALSE
	EndGlobalSection
	GlobalSection(ExtensibilityGlobals) = postSolution
		SolutionGuid = {092119D9-D942-46CE-860F-4A6F03F186BC}
	EndGlobalSection
EndGlobal
